{
  "version": 4,
  "terraform_version": "1.0.8",
  "serial": 1014,
  "lineage": "411de5a3-9a20-487d-ce1e-a759f84abbcd",
  "outputs": {},
  "resources": [
    {
      "module": "module.web-instances",
      "mode": "managed",
      "type": "aws_s3_bucket",
      "name": "s3-bucket",
      "provider": "provider[\"registry.terraform.io/hashicorp/aws\"]",
      "instances": [
        {
          "schema_version": 0,
          "attributes": {
            "acceleration_status": "",
            "acl": "private",
            "arn": "arn:aws:s3:::whiskey-access-logs",
            "bucket": "whiskey-access-logs",
            "bucket_domain_name": "whiskey-access-logs.s3.amazonaws.com",
            "bucket_prefix": null,
            "bucket_regional_domain_name": "whiskey-access-logs.s3.amazonaws.com",
            "cors_rule": [],
            "force_destroy": false,
            "grant": [],
            "hosted_zone_id": "Z3AQBSTGFYJSTF",
            "id": "whiskey-access-logs",
            "lifecycle_rule": [],
            "logging": [],
            "object_lock_configuration": [],
            "policy": null,
            "region": "us-east-1",
            "replication_configuration": [],
            "request_payer": "BucketOwner",
            "server_side_encryption_configuration": [],
            "tags": {
              "Name": "whiskey-access-logs"
            },
            "tags_all": {
              "Enviroment": "Development",
              "Name": "whiskey-access-logs",
              "Owner": "opsschool",
              "Project": "Whiskey"
            },
            "versioning": [
              {
                "enabled": false,
                "mfa_delete": false
              }
            ],
            "website": [],
            "website_domain": null,
            "website_endpoint": null
          },
          "sensitive_attributes": [],
          "private": "bnVsbA=="
        }
      ]
    }
  ]
}
